github.com/novabankapp/common.data v1.0.2 h1:ucDpOTqGW8QJHbWS0bM6pVQ3SAsQB9ZygZyqWlt62Xs=
github.com/novabankapp/common.data v1.0.2/go.mod h1:H2yQsI/PXfaHJOnjr6U74c3ltWivZ2da6PSCtp740ec=
github.com/novabankapp/payment.data v1.0.0 h1:LasGwklCmwcPoVshetNfkQZGO36D2YMXyFNNLfCDkdU=
github.com/novabankapp/payment.data v1.0.0/go.mod h1:jI58rnyd2CG1gBcjITpn5avT8xhHfdX88sMiI2zOKGk=
github.com/novabankapp/wallet.application v0.0.0-20220701182002-b2adba8ebd7b h1:JTdhcQMgpbhaa0N633WdNW5VKo0pG301w3O561I3TgE=
github.com/novabankapp/wallet.application v0.0.0-20220701182002-b2adba8ebd7b/go.mod h1:84CTiXT84JBIJT9ocULyqvz3WoRMM0moHzW7aDIufcI=
github.com/novabankapp/wallet.application v1.0.0 h1:/06bGGJt2wlpwrpYqXhpAnLDFR+pYwYds8kZl8E24RE=
github.com/novabankapp/wallet.application v1.0.0/go.mod h1:84CTiXT84JBIJT9ocULyqvz3WoRMM0moHzW7aDIufcI=
github.com/shopspring/decimal v1.3.1 h1:2Usl1nmF/WZucqkFZhnfFYxxxu8LG21F6nPQBE5gKV8=
github.com/shopspring/decimal v1.3.1/go.mod h1:DKyhrW/HYNuLGql+MJL6WCR6knT2jwCFRcu2hWCYk4o=
